
Microsoft Visual Studio Solution File, Format Version 12.00
# Visual Studio 15
VisualStudioVersion = 15.0.28307.168
MinimumVisualStudioVersion = 10.0.40219.1
Project("{FAE04EC0-301F-11D3-BF4B-00C04F79EFBC}") = "WpfApp1", "WpfApp1\WpfApp1.csproj", "{F7C4C143-B410-451C-8BE9-DAE1AEC49BB4}"
EndProject
Global
	GlobalSection(SolutionConfigurationPlatforms) = preSolution
		Debug|Any CPU = Debug|Any CPU
		Release|Any CPU = Release|Any CPU
	EndGlobalSection
	GlobalSection(ProjectConfigurationPlatforms) = postSolution
		{F7C4C143-B410-451C-8BE9-DAE1AEC49BB4}.Debug|Any CPU.ActiveCfg = Debug|Any CPU
		{F7C4C143-B410-451C-8BE9-DAE1AEC49BB4}.Debug|Any CPU.Build.0 = Debug|Any CPU
		{F7C4C143-B410-451C-8BE9-DAE1AEC49BB4}.Release|Any CPU.ActiveCfg = Release|Any CPU
		{F7C4C143-B410-451C-8BE9-DAE1AEC49BB4}.Release|Any CPU.Build.0 = Release|Any CPU
	EndGlobalSection
	GlobalSection(SolutionProperties) = preSolution
		HideSolutionNode = FALSE
	EndGlobalSection
	GlobalSection(ExtensibilityGlobals) = postSolution
		SolutionGuid = {8F50179B-AF40-4288-BC88-B4CAE2318B31}
	EndGlobalSection
EndGlobal
