
Microsoft Visual Studio Solution File, Format Version 12.00
# Visual Studio 15
VisualStudioVersion = 15.0.28307.539
MinimumVisualStudioVersion = 10.0.40219.1
Project("{FAE04EC0-301F-11D3-BF4B-00C04F79EFBC}") = "ClassesandObject Video", "ClassesandObject Video\ClassesandObject Video.csproj", "{7EEF59CE-E473-4F68-A9CD-232D8E7A91A1}"
EndProject
Global
	GlobalSection(SolutionConfigurationPlatforms) = preSolution
		Debug|Any CPU = Debug|Any CPU
		Release|Any CPU = Release|Any CPU
	EndGlobalSection
	GlobalSection(ProjectConfigurationPlatforms) = postSolution
		{7EEF59CE-E473-4F68-A9CD-232D8E7A91A1}.Debug|Any CPU.ActiveCfg = Debug|Any CPU
		{7EEF59CE-E473-4F68-A9CD-232D8E7A91A1}.Debug|Any CPU.Build.0 = Debug|Any CPU
		{7EEF59CE-E473-4F68-A9CD-232D8E7A91A1}.Release|Any CPU.ActiveCfg = Release|Any CPU
		{7EEF59CE-E473-4F68-A9CD-232D8E7A91A1}.Release|Any CPU.Build.0 = Release|Any CPU
	EndGlobalSection
	GlobalSection(SolutionProperties) = preSolution
		HideSolutionNode = FALSE
	EndGlobalSection
	GlobalSection(ExtensibilityGlobals) = postSolution
		SolutionGuid = {E51E95BB-1AB6-495B-B1AD-161EF3583B2A}
	EndGlobalSection
EndGlobal
